
Microsoft Visual Studio Solution File, Format Version 12.00
# Visual Studio Version 17
VisualStudioVersion = 17.13.35818.85 d17.13
MinimumVisualStudioVersion = 10.0.40219.1
Project("{FAE04EC0-301F-11D3-BF4B-00C04F79EFBC}") = "StorFlow", "StorFlow\StorFlow.csproj", "{522F520C-014C-450D-81B2-4E5790E5FD76}"
EndProject
Global
	GlobalSection(SolutionConfigurationPlatforms) = preSolution
		Debug|Any CPU = Debug|Any CPU
		Release|Any CPU = Release|Any CPU
	EndGlobalSection
	GlobalSection(ProjectConfigurationPlatforms) = postSolution
		{522F520C-014C-450D-81B2-4E5790E5FD76}.Debug|Any CPU.ActiveCfg = Debug|Any CPU
		{522F520C-014C-450D-81B2-4E5790E5FD76}.Debug|Any CPU.Build.0 = Debug|Any CPU
		{522F520C-014C-450D-81B2-4E5790E5FD76}.Release|Any CPU.ActiveCfg = Release|Any CPU
		{522F520C-014C-450D-81B2-4E5790E5FD76}.Release|Any CPU.Build.0 = Release|Any CPU
	EndGlobalSection
	GlobalSection(SolutionProperties) = preSolution
		HideSolutionNode = FALSE
	EndGlobalSection
	GlobalSection(ExtensibilityGlobals) = postSolution
		SolutionGuid = {AB41C688-5287-450F-87AE-167AD3B49E9B}
	EndGlobalSection
EndGlobal
